
Microsoft Visual Studio Solution File, Format Version 12.00
# Visual Studio 15
VisualStudioVersion = 15.0.26430.15
MinimumVisualStudioVersion = 10.0.40219.1
Project("{FAE04EC0-301F-11D3-BF4B-00C04F79EFBC}") = "Origin.Service", "Origin.Service\Origin.Service.csproj", "{8F657FE7-E5AF-41B8-89E7-E0E728DB6FAD}"
EndProject
Project("{FAE04EC0-301F-11D3-BF4B-00C04F79EFBC}") = "Origin", "Origin\Origin.csproj", "{E9D9AAE7-BA3B-4221-B59A-B6EDA6E470B3}"
EndProject
Project("{FAE04EC0-301F-11D3-BF4B-00C04F79EFBC}") = "OriginStudio", "OriginStudio\OriginStudio.csproj", "{D275B083-080B-4AC8-B822-2CB28E7A355D}"
EndProject
Global
	GlobalSection(SolutionConfigurationPlatforms) = preSolution
		Debug|Any CPU = Debug|Any CPU
		Release|Any CPU = Release|Any CPU
	EndGlobalSection
	GlobalSection(ProjectConfigurationPlatforms) = postSolution
		{8F657FE7-E5AF-41B8-89E7-E0E728DB6FAD}.Debug|Any CPU.ActiveCfg = Debug|Any CPU
		{8F657FE7-E5AF-41B8-89E7-E0E728DB6FAD}.Debug|Any CPU.Build.0 = Debug|Any CPU
		{8F657FE7-E5AF-41B8-89E7-E0E728DB6FAD}.Release|Any CPU.ActiveCfg = Release|Any CPU
		{8F657FE7-E5AF-41B8-89E7-E0E728DB6FAD}.Release|Any CPU.Build.0 = Release|Any CPU
		{E9D9AAE7-BA3B-4221-B59A-B6EDA6E470B3}.Debug|Any CPU.ActiveCfg = Debug|Any CPU
		{E9D9AAE7-BA3B-4221-B59A-B6EDA6E470B3}.Debug|Any CPU.Build.0 = Debug|Any CPU
		{E9D9AAE7-BA3B-4221-B59A-B6EDA6E470B3}.Release|Any CPU.ActiveCfg = Release|Any CPU
		{E9D9AAE7-BA3B-4221-B59A-B6EDA6E470B3}.Release|Any CPU.Build.0 = Release|Any CPU
		{D275B083-080B-4AC8-B822-2CB28E7A355D}.Debug|Any CPU.ActiveCfg = Debug|Any CPU
		{D275B083-080B-4AC8-B822-2CB28E7A355D}.Debug|Any CPU.Build.0 = Debug|Any CPU
		{D275B083-080B-4AC8-B822-2CB28E7A355D}.Release|Any CPU.ActiveCfg = Release|Any CPU
		{D275B083-080B-4AC8-B822-2CB28E7A355D}.Release|Any CPU.Build.0 = Release|Any CPU
	EndGlobalSection
	GlobalSection(SolutionProperties) = preSolution
		HideSolutionNode = FALSE
	EndGlobalSection
	GlobalSection(TeamFoundationVersionControl) = preSolution
		SccNumberOfProjects = 4
		SccEnterpriseProvider = {4CA58AB2-18FA-4F8D-95D4-32DDF27D184C}
		SccTeamFoundationServer = https://ivanportaweb.visualstudio.com/
		SccProjectUniqueName0 = OriginStudio\\OriginStudio.csproj
		SccProjectName0 = OriginStudio
		SccLocalPath0 = OriginStudio
		SccLocalPath1 = .
		SccProjectUniqueName2 = Origin.Service\\Origin.Service.csproj
		SccProjectName2 = Origin.Service
		SccLocalPath2 = Origin.Service
		SccProjectUniqueName3 = Origin\\Origin.csproj
		SccProjectName3 = Origin
		SccLocalPath3 = Origin
	EndGlobalSection
EndGlobal
